
Microsoft Visual Studio Solution File, Format Version 12.00
Project("{FAE04EC0-301F-11D3-BF4B-00C04F79EFBC}") = "ClickerR2d2", "ClickerR2d2\ClickerR2d2.csproj", "{5A35F857-D74F-4E72-A3D8-0B0C43962AB7}"
EndProject
Project("{FAE04EC0-301F-11D3-BF4B-00C04F79EFBC}") = "ClickerBb8", "ClickerBb8\ClickerBb8.csproj", "{F33E818F-7FF2-41E2-BC17-A387C1E794DD}"
EndProject
Project("{FAE04EC0-301F-11D3-BF4B-00C04F79EFBC}") = "Share", "Share\Share.csproj", "{BBB63D28-A09C-4149-9A73-D72593067BFD}"
EndProject
Project("{FAE04EC0-301F-11D3-BF4B-00C04F79EFBC}") = "ClickerC3p0", "ClickerC3p0\ClickerC3p0.csproj", "{FE173068-BDE0-4E21-8CC4-D4E2C84C96B9}"
EndProject
Global
	GlobalSection(SolutionConfigurationPlatforms) = preSolution
		Debug|Any CPU = Debug|Any CPU
		Release|Any CPU = Release|Any CPU
	EndGlobalSection
	GlobalSection(ProjectConfigurationPlatforms) = postSolution
		{5A35F857-D74F-4E72-A3D8-0B0C43962AB7}.Debug|Any CPU.ActiveCfg = Debug|Any CPU
		{5A35F857-D74F-4E72-A3D8-0B0C43962AB7}.Debug|Any CPU.Build.0 = Debug|Any CPU
		{5A35F857-D74F-4E72-A3D8-0B0C43962AB7}.Release|Any CPU.ActiveCfg = Release|Any CPU
		{5A35F857-D74F-4E72-A3D8-0B0C43962AB7}.Release|Any CPU.Build.0 = Release|Any CPU
		{F33E818F-7FF2-41E2-BC17-A387C1E794DD}.Debug|Any CPU.ActiveCfg = Debug|Any CPU
		{F33E818F-7FF2-41E2-BC17-A387C1E794DD}.Debug|Any CPU.Build.0 = Debug|Any CPU
		{F33E818F-7FF2-41E2-BC17-A387C1E794DD}.Release|Any CPU.ActiveCfg = Release|Any CPU
		{F33E818F-7FF2-41E2-BC17-A387C1E794DD}.Release|Any CPU.Build.0 = Release|Any CPU
		{BBB63D28-A09C-4149-9A73-D72593067BFD}.Debug|Any CPU.ActiveCfg = Debug|Any CPU
		{BBB63D28-A09C-4149-9A73-D72593067BFD}.Debug|Any CPU.Build.0 = Debug|Any CPU
		{BBB63D28-A09C-4149-9A73-D72593067BFD}.Release|Any CPU.ActiveCfg = Release|Any CPU
		{BBB63D28-A09C-4149-9A73-D72593067BFD}.Release|Any CPU.Build.0 = Release|Any CPU
		{FE173068-BDE0-4E21-8CC4-D4E2C84C96B9}.Debug|Any CPU.ActiveCfg = Debug|Any CPU
		{FE173068-BDE0-4E21-8CC4-D4E2C84C96B9}.Debug|Any CPU.Build.0 = Debug|Any CPU
		{FE173068-BDE0-4E21-8CC4-D4E2C84C96B9}.Release|Any CPU.ActiveCfg = Release|Any CPU
		{FE173068-BDE0-4E21-8CC4-D4E2C84C96B9}.Release|Any CPU.Build.0 = Release|Any CPU
	EndGlobalSection
EndGlobal
